
Microsoft Visual Studio Solution File, Format Version 12.00
# Visual Studio 15
VisualStudioVersion = 15.0.28307.168
MinimumVisualStudioVersion = 10.0.40219.1
Project("{FAE04EC0-301F-11D3-BF4B-00C04F79EFBC}") = "Threesome_TradingPlatform", "WpfApp1\Threesome_TradingPlatform.csproj", "{E3F6990F-90D2-42EC-BF26-3AFF26E919B7}"
EndProject
Global
	GlobalSection(SolutionConfigurationPlatforms) = preSolution
		Debug|Any CPU = Debug|Any CPU
		Release|Any CPU = Release|Any CPU
	EndGlobalSection
	GlobalSection(ProjectConfigurationPlatforms) = postSolution
		{E3F6990F-90D2-42EC-BF26-3AFF26E919B7}.Debug|Any CPU.ActiveCfg = Debug|Any CPU
		{E3F6990F-90D2-42EC-BF26-3AFF26E919B7}.Debug|Any CPU.Build.0 = Debug|Any CPU
		{E3F6990F-90D2-42EC-BF26-3AFF26E919B7}.Release|Any CPU.ActiveCfg = Release|Any CPU
		{E3F6990F-90D2-42EC-BF26-3AFF26E919B7}.Release|Any CPU.Build.0 = Release|Any CPU
	EndGlobalSection
	GlobalSection(SolutionProperties) = preSolution
		HideSolutionNode = FALSE
	EndGlobalSection
	GlobalSection(ExtensibilityGlobals) = postSolution
		SolutionGuid = {583FA76F-C122-405D-A1D1-5FF1C3A5070B}
	EndGlobalSection
EndGlobal
